Microsoft Visual Studio Solution File, Format Version 12.00
# Visual Studio 15
VisualStudioVersion = 15.0.26228.9
MinimumVisualStudioVersion = 15.0.26124.0
Project("{2150E333-8FDC-42A3-9474-1A3956D46DE8}") = "src", "src", "{E547A0B3-F6E0-41BB-AB65-9FD136E7FA1A}"
EndProject
Project("{FAE04EC0-301F-11D3-BF4B-00C04F79EFBC}") = "TiteAz.Api", "src\TiteAz.Api\TiteAz.Api.csproj", "{D7390A85-2617-4EBD-A969-8735E1DB3215}"
EndProject
Project("{FAE04EC0-301F-11D3-BF4B-00C04F79EFBC}") = "TiteAz.ReadModel", "src\TiteAz.ReadModel\TiteAz.ReadModel.csproj", "{A0B27223-C7E8-4400-BB18-D4A588F036DC}"
EndProject
Project("{FAE04EC0-301F-11D3-BF4B-00C04F79EFBC}") = "TiteAz.Common", "src\TiteAz.Common\TiteAz.Common.csproj", "{67B590D2-F025-4F01-9600-04F6590AA3A9}"
EndProject
Project("{FAE04EC0-301F-11D3-BF4B-00C04F79EFBC}") = "TiteAz.SeedData", "src\TiteAz.SeedData\TiteAz.SeedData.csproj", "{A1068AF6-4669-49E1-B7A9-BA2C90F87A15}"
EndProject
Project("{FAE04EC0-301F-11D3-BF4B-00C04F79EFBC}") = "TiteAz.Domain", "src\TiteAz.Domain\TiteAz.Domain.csproj", "{335D12CF-D207-4424-A433-46D456F4257B}"
EndProject
Global
	GlobalSection(SolutionConfigurationPlatforms) = preSolution
		Debug|Any CPU = Debug|Any CPU
		Debug|x64 = Debug|x64
		Debug|x86 = Debug|x86
		Release|Any CPU = Release|Any CPU
		Release|x64 = Release|x64
		Release|x86 = Release|x86
	EndGlobalSection
	GlobalSection(ProjectConfigurationPlatforms) = postSolution
		{D7390A85-2617-4EBD-A969-8735E1DB3215}.Debug|Any CPU.ActiveCfg = Debug|Any CPU
		{D7390A85-2617-4EBD-A969-8735E1DB3215}.Debug|Any CPU.Build.0 = Debug|Any CPU
		{D7390A85-2617-4EBD-A969-8735E1DB3215}.Debug|x64.ActiveCfg = Debug|Any CPU
		{D7390A85-2617-4EBD-A969-8735E1DB3215}.Debug|x64.Build.0 = Debug|Any CPU
		{D7390A85-2617-4EBD-A969-8735E1DB3215}.Debug|x86.ActiveCfg = Debug|Any CPU
		{D7390A85-2617-4EBD-A969-8735E1DB3215}.Debug|x86.Build.0 = Debug|Any CPU
		{D7390A85-2617-4EBD-A969-8735E1DB3215}.Release|Any CPU.ActiveCfg = Release|Any CPU
		{D7390A85-2617-4EBD-A969-8735E1DB3215}.Release|Any CPU.Build.0 = Release|Any CPU
		{D7390A85-2617-4EBD-A969-8735E1DB3215}.Release|x64.ActiveCfg = Release|Any CPU
		{D7390A85-2617-4EBD-A969-8735E1DB3215}.Release|x64.Build.0 = Release|Any CPU
		{D7390A85-2617-4EBD-A969-8735E1DB3215}.Release|x86.ActiveCfg = Release|Any CPU
		{D7390A85-2617-4EBD-A969-8735E1DB3215}.Release|x86.Build.0 = Release|Any CPU
		{A0B27223-C7E8-4400-BB18-D4A588F036DC}.Debug|Any CPU.ActiveCfg = Debug|Any CPU
		{A0B27223-C7E8-4400-BB18-D4A588F036DC}.Debug|Any CPU.Build.0 = Debug|Any CPU
		{A0B27223-C7E8-4400-BB18-D4A588F036DC}.Debug|x64.ActiveCfg = Debug|Any CPU
		{A0B27223-C7E8-4400-BB18-D4A588F036DC}.Debug|x64.Build.0 = Debug|Any CPU
		{A0B27223-C7E8-4400-BB18-D4A588F036DC}.Debug|x86.ActiveCfg = Debug|Any CPU
		{A0B27223-C7E8-4400-BB18-D4A588F036DC}.Debug|x86.Build.0 = Debug|Any CPU
		{A0B27223-C7E8-4400-BB18-D4A588F036DC}.Release|Any CPU.ActiveCfg = Release|Any CPU
		{A0B27223-C7E8-4400-BB18-D4A588F036DC}.Release|Any CPU.Build.0 = Release|Any CPU
		{A0B27223-C7E8-4400-BB18-D4A588F036DC}.Release|x64.ActiveCfg = Release|Any CPU
		{A0B27223-C7E8-4400-BB18-D4A588F036DC}.Release|x64.Build.0 = Release|Any CPU
		{A0B27223-C7E8-4400-BB18-D4A588F036DC}.Release|x86.ActiveCfg = Release|Any CPU
		{A0B27223-C7E8-4400-BB18-D4A588F036DC}.Release|x86.Build.0 = Release|Any CPU
		{67B590D2-F025-4F01-9600-04F6590AA3A9}.Debug|Any CPU.ActiveCfg = Debug|Any CPU
		{67B590D2-F025-4F01-9600-04F6590AA3A9}.Debug|Any CPU.Build.0 = Debug|Any CPU
		{67B590D2-F025-4F01-9600-04F6590AA3A9}.Debug|x64.ActiveCfg = Debug|Any CPU
		{67B590D2-F025-4F01-9600-04F6590AA3A9}.Debug|x64.Build.0 = Debug|Any CPU
		{67B590D2-F025-4F01-9600-04F6590AA3A9}.Debug|x86.ActiveCfg = Debug|Any CPU
		{67B590D2-F025-4F01-9600-04F6590AA3A9}.Debug|x86.Build.0 = Debug|Any CPU
		{67B590D2-F025-4F01-9600-04F6590AA3A9}.Release|Any CPU.ActiveCfg = Release|Any CPU
		{67B590D2-F025-4F01-9600-04F6590AA3A9}.Release|Any CPU.Build.0 = Release|Any CPU
		{67B590D2-F025-4F01-9600-04F6590AA3A9}.Release|x64.ActiveCfg = Release|Any CPU
		{67B590D2-F025-4F01-9600-04F6590AA3A9}.Release|x64.Build.0 = Release|Any CPU
		{67B590D2-F025-4F01-9600-04F6590AA3A9}.Release|x86.ActiveCfg = Release|Any CPU
		{67B590D2-F025-4F01-9600-04F6590AA3A9}.Release|x86.Build.0 = Release|Any CPU
		{A1068AF6-4669-49E1-B7A9-BA2C90F87A15}.Debug|Any CPU.ActiveCfg = Debug|Any CPU
		{A1068AF6-4669-49E1-B7A9-BA2C90F87A15}.Debug|Any CPU.Build.0 = Debug|Any CPU
		{A1068AF6-4669-49E1-B7A9-BA2C90F87A15}.Debug|x64.ActiveCfg = Debug|Any CPU
		{A1068AF6-4669-49E1-B7A9-BA2C90F87A15}.Debug|x64.Build.0 = Debug|Any CPU
		{A1068AF6-4669-49E1-B7A9-BA2C90F87A15}.Debug|x86.ActiveCfg = Debug|Any CPU
		{A1068AF6-4669-49E1-B7A9-BA2C90F87A15}.Debug|x86.Build.0 = Debug|Any CPU
		{A1068AF6-4669-49E1-B7A9-BA2C90F87A15}.Release|Any CPU.ActiveCfg = Release|Any CPU
		{A1068AF6-4669-49E1-B7A9-BA2C90F87A15}.Release|Any CPU.Build.0 = Release|Any CPU
		{A1068AF6-4669-49E1-B7A9-BA2C90F87A15}.Release|x64.ActiveCfg = Release|Any CPU
		{A1068AF6-4669-49E1-B7A9-BA2C90F87A15}.Release|x64.Build.0 = Release|Any CPU
		{A1068AF6-4669-49E1-B7A9-BA2C90F87A15}.Release|x86.ActiveCfg = Release|Any CPU
		{A1068AF6-4669-49E1-B7A9-BA2C90F87A15}.Release|x86.Build.0 = Release|Any CPU
		{335D12CF-D207-4424-A433-46D456F4257B}.Debug|Any CPU.ActiveCfg = Debug|Any CPU
		{335D12CF-D207-4424-A433-46D456F4257B}.Debug|Any CPU.Build.0 = Debug|Any CPU
		{335D12CF-D207-4424-A433-46D456F4257B}.Debug|x64.ActiveCfg = Debug|Any CPU
		{335D12CF-D207-4424-A433-46D456F4257B}.Debug|x64.Build.0 = Debug|Any CPU
		{335D12CF-D207-4424-A433-46D456F4257B}.Debug|x86.ActiveCfg = Debug|Any CPU
		{335D12CF-D207-4424-A433-46D456F4257B}.Debug|x86.Build.0 = Debug|Any CPU
		{335D12CF-D207-4424-A433-46D456F4257B}.Release|Any CPU.ActiveCfg = Release|Any CPU
		{335D12CF-D207-4424-A433-46D456F4257B}.Release|Any CPU.Build.0 = Release|Any CPU
		{335D12CF-D207-4424-A433-46D456F4257B}.Release|x64.ActiveCfg = Release|Any CPU
		{335D12CF-D207-4424-A433-46D456F4257B}.Release|x64.Build.0 = Release|Any CPU
		{335D12CF-D207-4424-A433-46D456F4257B}.Release|x86.ActiveCfg = Release|Any CPU
		{335D12CF-D207-4424-A433-46D456F4257B}.Release|x86.Build.0 = Release|Any CPU
	EndGlobalSection
	GlobalSection(SolutionProperties) = preSolution
		HideSolutionNode = FALSE
	EndGlobalSection
	GlobalSection(NestedProjects) = preSolution
		{D7390A85-2617-4EBD-A969-8735E1DB3215} = {E547A0B3-F6E0-41BB-AB65-9FD136E7FA1A}
		{A0B27223-C7E8-4400-BB18-D4A588F036DC} = {E547A0B3-F6E0-41BB-AB65-9FD136E7FA1A}
		{67B590D2-F025-4F01-9600-04F6590AA3A9} = {E547A0B3-F6E0-41BB-AB65-9FD136E7FA1A}
		{A1068AF6-4669-49E1-B7A9-BA2C90F87A15} = {E547A0B3-F6E0-41BB-AB65-9FD136E7FA1A}
		{335D12CF-D207-4424-A433-46D456F4257B} = {E547A0B3-F6E0-41BB-AB65-9FD136E7FA1A}
	EndGlobalSection
EndGlobal
